# This file is automatically @generated by Cargo.
# It is not intended for manual editing.
version = 3

[[package]]
name = "base64-kenji"
version = "0.1.0"
source = "registry+https://github.com/rust-lang/crates.io-index"
checksum = "1469b8ed01c172fbce39ce693d707e522c40113ed56825f8cf6b90c9ee3eca48"

[[package]]
name = "jwt-kenji"
version = "0.1.0"
dependencies = [
 "base64-kenji",
]
